
Microsoft Visual Studio Solution File, Format Version 12.00
# Visual Studio Version 16
VisualStudioVersion = 16.0.31501.217
MinimumVisualStudioVersion = 10.0.40219.1
Project("{FAE04EC0-301F-11D3-BF4B-00C04F79EFBC}") = "Task_Dep_Des", "Task_Dep_Des\Task_Dep_Des.csproj", "{AECD425B-D580-4A94-8BFB-49459AC27A21}"
EndProject
Global
	GlobalSection(SolutionConfigurationPlatforms) = preSolution
		Debug|Any CPU = Debug|Any CPU
		Release|Any CPU = Release|Any CPU
	EndGlobalSection
	GlobalSection(ProjectConfigurationPlatforms) = postSolution
		{AECD425B-D580-4A94-8BFB-49459AC27A21}.Debug|Any CPU.ActiveCfg = Debug|Any CPU
		{AECD425B-D580-4A94-8BFB-49459AC27A21}.Debug|Any CPU.Build.0 = Debug|Any CPU
		{AECD425B-D580-4A94-8BFB-49459AC27A21}.Release|Any CPU.ActiveCfg = Release|Any CPU
		{AECD425B-D580-4A94-8BFB-49459AC27A21}.Release|Any CPU.Build.0 = Release|Any CPU
	EndGlobalSection
	GlobalSection(SolutionProperties) = preSolution
		HideSolutionNode = FALSE
	EndGlobalSection
	GlobalSection(ExtensibilityGlobals) = postSolution
		SolutionGuid = {5F36C90D-08CD-4E45-996F-E314A47DF07F}
	EndGlobalSection
EndGlobal
